
Microsoft Visual Studio Solution File, Format Version 12.00
# Visual Studio Version 17
VisualStudioVersion = 17.11.35327.3
MinimumVisualStudioVersion = 10.0.40219.1
Project("{9A19103F-16F7-4668-BE54-9A1E7A4F7556}") = "MagicVilla_VillaAPI", "MagicVilla_VillaAPI\MagicVilla_VillaAPI.csproj", "{73FCE8BC-1C86-4ECB-8AE3-5E975F8E11C9}"
EndProject
Project("{FAE04EC0-301F-11D3-BF4B-00C04F79EFBC}") = "MagicVilla_Web", "MagicVilla_Web\MagicVilla_Web.csproj", "{EF2EDCD5-DEB9-4ADA-9C9B-CC8A3C83E799}"
EndProject
Project("{FAE04EC0-301F-11D3-BF4B-00C04F79EFBC}") = "MagicVilla_Utility", "MagicVilla_Utility\MagicVilla_Utility.csproj", "{B44CCED3-97B3-4025-BACB-DFED1991ED7B}"
EndProject
Global
	GlobalSection(SolutionConfigurationPlatforms) = preSolution
		Debug|Any CPU = Debug|Any CPU
		Release|Any CPU = Release|Any CPU
	EndGlobalSection
	GlobalSection(ProjectConfigurationPlatforms) = postSolution
		{73FCE8BC-1C86-4ECB-8AE3-5E975F8E11C9}.Debug|Any CPU.ActiveCfg = Debug|Any CPU
		{73FCE8BC-1C86-4ECB-8AE3-5E975F8E11C9}.Debug|Any CPU.Build.0 = Debug|Any CPU
		{73FCE8BC-1C86-4ECB-8AE3-5E975F8E11C9}.Release|Any CPU.ActiveCfg = Release|Any CPU
		{73FCE8BC-1C86-4ECB-8AE3-5E975F8E11C9}.Release|Any CPU.Build.0 = Release|Any CPU
		{EF2EDCD5-DEB9-4ADA-9C9B-CC8A3C83E799}.Debug|Any CPU.ActiveCfg = Debug|Any CPU
		{EF2EDCD5-DEB9-4ADA-9C9B-CC8A3C83E799}.Debug|Any CPU.Build.0 = Debug|Any CPU
		{EF2EDCD5-DEB9-4ADA-9C9B-CC8A3C83E799}.Release|Any CPU.ActiveCfg = Release|Any CPU
		{EF2EDCD5-DEB9-4ADA-9C9B-CC8A3C83E799}.Release|Any CPU.Build.0 = Release|Any CPU
		{B44CCED3-97B3-4025-BACB-DFED1991ED7B}.Debug|Any CPU.ActiveCfg = Debug|Any CPU
		{B44CCED3-97B3-4025-BACB-DFED1991ED7B}.Debug|Any CPU.Build.0 = Debug|Any CPU
		{B44CCED3-97B3-4025-BACB-DFED1991ED7B}.Release|Any CPU.ActiveCfg = Release|Any CPU
		{B44CCED3-97B3-4025-BACB-DFED1991ED7B}.Release|Any CPU.Build.0 = Release|Any CPU
	EndGlobalSection
	GlobalSection(SolutionProperties) = preSolution
		HideSolutionNode = FALSE
	EndGlobalSection
	GlobalSection(ExtensibilityGlobals) = postSolution
		SolutionGuid = {87B7F629-C2D5-4E1F-B1BC-5213DE305CDA}
	EndGlobalSection
EndGlobal
